// !$*UTF8*$!
{
	archiveVersion = 1;
	classes = {
	};
	objectVersion = 55;
	objects = {

/* Begin PBXBuildFile section */
		210D946228FFCC7F008BE373 /* AppDelegate.swift in Sources */ = {isa = PBXBuildFile; fileRef = 210D946128FFCC7F008BE373 /* AppDelegate.swift */; };
		210D946428FFCC7F008BE373 /* SceneDelegate.swift in Sources */ = {isa = PBXBuildFile; fileRef = 210D946328FFCC7F008BE373 /* SceneDelegate.swift */; };
		210D946628FFCC7F008BE373 /* HomeViewController.swift in Sources */ = {isa = PBXBuildFile; fileRef = 210D946528FFCC7F008BE373 /* HomeViewController.swift */; };
		210D946928FFCC80008BE373 /* Main.storyboard in Resources */ = {isa = PBXBuildFile; fileRef = 210D946728FFCC80008BE373 /* Main.storyboard */; };
		210D946B28FFCC82008BE373 /* Assets.xcassets in Resources */ = {isa = PBXBuildFile; fileRef = 210D946A28FFCC82008BE373 /* Assets.xcassets */; };
		210D946E28FFCC82008BE373 /* LaunchScreen.storyboard in Resources */ = {isa = PBXBuildFile; fileRef = 210D946C28FFCC82008BE373 /* LaunchScreen.storyboard */; };
		210D947B28FFD5CE008BE373 /* ExploreViewController.swift in Sources */ = {isa = PBXBuildFile; fileRef = 210D947A28FFD5CE008BE373 /* ExploreViewController.swift */; };
		210D947D28FFD606008BE373 /* CameraViewController.swift in Sources */ = {isa = PBXBuildFile; fileRef = 210D947C28FFD606008BE373 /* CameraViewController.swift */; };
		210D947F28FFD63E008BE373 /* NotificationViewController.swift in Sources */ = {isa = PBXBuildFile; fileRef = 210D947E28FFD63E008BE373 /* NotificationViewController.swift */; };
		210D948128FFD691008BE373 /* ProfileViewController.swift in Sources */ = {isa = PBXBuildFile; fileRef = 210D948028FFD691008BE373 /* ProfileViewController.swift */; };
		210D948628FFD84F008BE373 /* LoginViewController.swift in Sources */ = {isa = PBXBuildFile; fileRef = 210D948528FFD84F008BE373 /* LoginViewController.swift */; };
		210D948828FFD85C008BE373 /* RegistrationViewController.swift in Sources */ = {isa = PBXBuildFile; fileRef = 210D948728FFD85C008BE373 /* RegistrationViewController.swift */; };
		210D948A28FFD945008BE373 /* PostViewController.swift in Sources */ = {isa = PBXBuildFile; fileRef = 210D948928FFD945008BE373 /* PostViewController.swift */; };
		210D948C28FFD9C7008BE373 /* EditProfileViewController.swift in Sources */ = {isa = PBXBuildFile; fileRef = 210D948B28FFD9C7008BE373 /* EditProfileViewController.swift */; };
		210D948E28FFDA14008BE373 /* SettingViewController.swift in Sources */ = {isa = PBXBuildFile; fileRef = 210D948D28FFDA14008BE373 /* SettingViewController.swift */; };
		210D949028FFDA48008BE373 /* ListViewController.swift in Sources */ = {isa = PBXBuildFile; fileRef = 210D948F28FFDA48008BE373 /* ListViewController.swift */; };
		210D949228FFDAD7008BE373 /* SearchViewController.swift in Sources */ = {isa = PBXBuildFile; fileRef = 210D949128FFDAD7008BE373 /* SearchViewController.swift */; };
		210D949428FFDAE9008BE373 /* SearchResultsViewController.swift in Sources */ = {isa = PBXBuildFile; fileRef = 210D949328FFDAE9008BE373 /* SearchResultsViewController.swift */; };
		210D949628FFDB44008BE373 /* PostEditorViewController.swift in Sources */ = {isa = PBXBuildFile; fileRef = 210D949528FFDB44008BE373 /* PostEditorViewController.swift */; };
		210D949828FFDB72008BE373 /* PublishPostViewController.swift in Sources */ = {isa = PBXBuildFile; fileRef = 210D949728FFDB72008BE373 /* PublishPostViewController.swift */; };
/* End PBXBuildFile section */

/* Begin PBXFileReference section */
		210D945E28FFCC7F008BE373 /* Instagram.app */ = {isa = PBXFileReference; explicitFileType = wrapper.application; includeInIndex = 0; path = Instagram.app; sourceTree = BUILT_PRODUCTS_DIR; };
		210D946128FFCC7F008BE373 /* AppDelegate.swift */ = {isa = PBXFileReference; lastKnownFileType = sourcecode.swift; path = AppDelegate.swift; sourceTree = "<group>"; };
		210D946328FFCC7F008BE373 /* SceneDelegate.swift */ = {isa = PBXFileReference; lastKnownFileType = sourcecode.swift; path = SceneDelegate.swift; sourceTree = "<group>"; };
		210D946528FFCC7F008BE373 /* HomeViewController.swift */ = {isa = PBXFileReference; lastKnownFileType = sourcecode.swift; path = HomeViewController.swift; sourceTree = "<group>"; };
		210D946828FFCC80008BE373 /* Base */ = {isa = PBXFileReference; lastKnownFileType = file.storyboard; name = Base; path = Base.lproj/Main.storyboard; sourceTree = "<group>"; };
		210D946A28FFCC82008BE373 /* Assets.xcassets */ = {isa = PBXFileReference; lastKnownFileType = folder.assetcatalog; path = Assets.xcassets; sourceTree = "<group>"; };
		210D946D28FFCC82008BE373 /* Base */ = {isa = PBXFileReference; lastKnownFileType = file.storyboard; name = Base; path = Base.lproj/LaunchScreen.storyboard; sourceTree = "<group>"; };
		210D946F28FFCC82008BE373 /* Info.plist */ = {isa = PBXFileReference; lastKnownFileType = text.plist.xml; path = Info.plist; sourceTree = "<group>"; };
		210D947A28FFD5CE008BE373 /* ExploreViewController.swift */ = {isa = PBXFileReference; lastKnownFileType = sourcecode.swift; path = ExploreViewController.swift; sourceTree = "<group>"; };
		210D947C28FFD606008BE373 /* CameraViewController.swift */ = {isa = PBXFileReference; lastKnownFileType = sourcecode.swift; path = CameraViewController.swift; sourceTree = "<group>"; };
		210D947E28FFD63E008BE373 /* NotificationViewController.swift */ = {isa = PBXFileReference; lastKnownFileType = sourcecode.swift; path = NotificationViewController.swift; sourceTree = "<group>"; };
		210D948028FFD691008BE373 /* ProfileViewController.swift */ = {isa = PBXFileReference; lastKnownFileType = sourcecode.swift; path = ProfileViewController.swift; sourceTree = "<group>"; };
		210D948528FFD84F008BE373 /* LoginViewController.swift */ = {isa = PBXFileReference; lastKnownFileType = sourcecode.swift; path = LoginViewController.swift; sourceTree = "<group>"; };
		210D948728FFD85C008BE373 /* RegistrationViewController.swift */ = {isa = PBXFileReference; lastKnownFileType = sourcecode.swift; path = RegistrationViewController.swift; sourceTree = "<group>"; };
		210D948928FFD945008BE373 /* PostViewController.swift */ = {isa = PBXFileReference; lastKnownFileType = sourcecode.swift; path = PostViewController.swift; sourceTree = "<group>"; };
		210D948B28FFD9C7008BE373 /* EditProfileViewController.swift */ = {isa = PBXFileReference; lastKnownFileType = sourcecode.swift; path = EditProfileViewController.swift; sourceTree = "<group>"; };
		210D948D28FFDA14008BE373 /* SettingViewController.swift */ = {isa = PBXFileReference; lastKnownFileType = sourcecode.swift; path = SettingViewController.swift; sourceTree = "<group>"; };
		210D948F28FFDA48008BE373 /* ListViewController.swift */ = {isa = PBXFileReference; lastKnownFileType = sourcecode.swift; path = ListViewController.swift; sourceTree = "<group>"; };
		210D949128FFDAD7008BE373 /* SearchViewController.swift */ = {isa = PBXFileReference; lastKnownFileType = sourcecode.swift; path = SearchViewController.swift; sourceTree = "<group>"; };
		210D949328FFDAE9008BE373 /* SearchResultsViewController.swift */ = {isa = PBXFileReference; lastKnownFileType = sourcecode.swift; path = SearchResultsViewController.swift; sourceTree = "<group>"; };
		210D949528FFDB44008BE373 /* PostEditorViewController.swift */ = {isa = PBXFileReference; lastKnownFileType = sourcecode.swift; path = PostEditorViewController.swift; sourceTree = "<group>"; };
		210D949728FFDB72008BE373 /* PublishPostViewController.swift */ = {isa = PBXFileReference; lastKnownFileType = sourcecode.swift; path = PublishPostViewController.swift; sourceTree = "<group>"; };
/* End PBXFileReference section */

/* Begin PBXFrameworksBuildPhase section */
		210D945B28FFCC7F008BE373 /* Frameworks */ = {
			isa = PBXFrameworksBuildPhase;
			buildActionMask = 2147483647;
			files = (
			);
			runOnlyForDeploymentPostprocessing = 0;
		};
/* End PBXFrameworksBuildPhase section */

/* Begin PBXGroup section */
		210D945528FFCC7F008BE373 = {
			isa = PBXGroup;
			children = (
				210D946028FFCC7F008BE373 /* Instagram */,
				210D945F28FFCC7F008BE373 /* Products */,
			);
			sourceTree = "<group>";
		};
		210D945F28FFCC7F008BE373 /* Products */ = {
			isa = PBXGroup;
			children = (
				210D945E28FFCC7F008BE373 /* Instagram.app */,
			);
			name = Products;
			sourceTree = "<group>";
		};
		210D946028FFCC7F008BE373 /* Instagram */ = {
			isa = PBXGroup;
			children = (
				210D947828FFD0F8008BE373 /* Resources */,
				210D947728FFD085008BE373 /* Models */,
				210D947628FFD07E008BE373 /* Views */,
				210D947528FFD058008BE373 /* Controllers */,
				210D947928FFD14D008BE373 /* Storyboards */,
				210D946F28FFCC82008BE373 /* Info.plist */,
			);
			path = Instagram;
			sourceTree = "<group>";
		};
		210D947528FFD058008BE373 /* Controllers */ = {
			isa = PBXGroup;
			children = (
				210D948328FFD830008BE373 /* Other */,
				210D948228FFD724008BE373 /* Core Tabs */,
			);
			path = Controllers;
			sourceTree = "<group>";
		};
		210D947628FFD07E008BE373 /* Views */ = {
			isa = PBXGroup;
			children = (
			);
			path = Views;
			sourceTree = "<group>";
		};
		210D947728FFD085008BE373 /* Models */ = {
			isa = PBXGroup;
			children = (
			);
			path = Models;
			sourceTree = "<group>";
		};
		210D947828FFD0F8008BE373 /* Resources */ = {
			isa = PBXGroup;
			children = (
				210D946128FFCC7F008BE373 /* AppDelegate.swift */,
				210D946328FFCC7F008BE373 /* SceneDelegate.swift */,
				210D946A28FFCC82008BE373 /* Assets.xcassets */,
			);
			path = Resources;
			sourceTree = "<group>";
		};
		210D947928FFD14D008BE373 /* Storyboards */ = {
			isa = PBXGroup;
			children = (
				210D946C28FFCC82008BE373 /* LaunchScreen.storyboard */,
				210D946728FFCC80008BE373 /* Main.storyboard */,
			);
			path = Storyboards;
			sourceTree = "<group>";
		};
		210D948228FFD724008BE373 /* Core Tabs */ = {
			isa = PBXGroup;
			children = (
				210D946528FFCC7F008BE373 /* HomeViewController.swift */,
				210D947A28FFD5CE008BE373 /* ExploreViewController.swift */,
				210D947C28FFD606008BE373 /* CameraViewController.swift */,
				210D947E28FFD63E008BE373 /* NotificationViewController.swift */,
				210D948028FFD691008BE373 /* ProfileViewController.swift */,
			);
			path = "Core Tabs";
			sourceTree = "<group>";
		};
		210D948328FFD830008BE373 /* Other */ = {
			isa = PBXGroup;
			children = (
				210D948428FFD839008BE373 /* Onboarding */,
				210D948928FFD945008BE373 /* PostViewController.swift */,
				210D948B28FFD9C7008BE373 /* EditProfileViewController.swift */,
				210D948D28FFDA14008BE373 /* SettingViewController.swift */,
				210D948F28FFDA48008BE373 /* ListViewController.swift */,
				210D949128FFDAD7008BE373 /* SearchViewController.swift */,
				210D949328FFDAE9008BE373 /* SearchResultsViewController.swift */,
				210D949528FFDB44008BE373 /* PostEditorViewController.swift */,
				210D949728FFDB72008BE373 /* PublishPostViewController.swift */,
			);
			path = Other;
			sourceTree = "<group>";
		};
		210D948428FFD839008BE373 /* Onboarding */ = {
			isa = PBXGroup;
			children = (
				210D948528FFD84F008BE373 /* LoginViewController.swift */,
				210D948728FFD85C008BE373 /* RegistrationViewController.swift */,
			);
			path = Onboarding;
			sourceTree = "<group>";
		};
/* End PBXGroup section */

/* Begin PBXNativeTarget section */
		210D945D28FFCC7F008BE373 /* Instagram */ = {
			isa = PBXNativeTarget;
			buildConfigurationList = 210D947228FFCC82008BE373 /* Build configuration list for PBXNativeTarget "Instagram" */;
			buildPhases = (
				210D945A28FFCC7F008BE373 /* Sources */,
				210D945B28FFCC7F008BE373 /* Frameworks */,
				210D945C28FFCC7F008BE373 /* Resources */,
			);
			buildRules = (
			);
			dependencies = (
			);
			name = Instagram;
			productName = Instagram;
			productReference = 210D945E28FFCC7F008BE373 /* Instagram.app */;
			productType = "com.apple.product-type.application";
		};
/* End PBXNativeTarget section */

/* Begin PBXProject section */
		210D945628FFCC7F008BE373 /* Project object */ = {
			isa = PBXProject;
			attributes = {
				BuildIndependentTargetsInParallel = 1;
				LastSwiftUpdateCheck = 1340;
				LastUpgradeCheck = 1340;
				TargetAttributes = {
					210D945D28FFCC7F008BE373 = {
						CreatedOnToolsVersion = 13.4.1;
					};
				};
			};
			buildConfigurationList = 210D945928FFCC7F008BE373 /* Build configuration list for PBXProject "Instagram" */;
			compatibilityVersion = "Xcode 13.0";
			developmentRegion = en;
			hasScannedForEncodings = 0;
			knownRegions = (
				en,
				Base,
			);
			mainGroup = 210D945528FFCC7F008BE373;
			productRefGroup = 210D945F28FFCC7F008BE373 /* Products */;
			projectDirPath = "";
			projectRoot = "";
			targets = (
				210D945D28FFCC7F008BE373 /* Instagram */,
			);
		};
/* End PBXProject section */

/* Begin PBXResourcesBuildPhase section */
		210D945C28FFCC7F008BE373 /* Resources */ = {
			isa = PBXResourcesBuildPhase;
			buildActionMask = 2147483647;
			files = (
				210D946E28FFCC82008BE373 /* LaunchScreen.storyboard in Resources */,
				210D946B28FFCC82008BE373 /* Assets.xcassets in Resources */,
				210D946928FFCC80008BE373 /* Main.storyboard in Resources */,
			);
			runOnlyForDeploymentPostprocessing = 0;
		};
/* End PBXResourcesBuildPhase section */

/* Begin PBXSourcesBuildPhase section */
		210D945A28FFCC7F008BE373 /* Sources */ = {
			isa = PBXSourcesBuildPhase;
			buildActionMask = 2147483647;
			files = (
				210D948C28FFD9C7008BE373 /* EditProfileViewController.swift in Sources */,
				210D947B28FFD5CE008BE373 /* ExploreViewController.swift in Sources */,
				210D949828FFDB72008BE373 /* PublishPostViewController.swift in Sources */,
				210D947D28FFD606008BE373 /* CameraViewController.swift in Sources */,
				210D947F28FFD63E008BE373 /* NotificationViewController.swift in Sources */,
				210D949428FFDAE9008BE373 /* SearchResultsViewController.swift in Sources */,
				210D949628FFDB44008BE373 /* PostEditorViewController.swift in Sources */,
				210D948828FFD85C008BE373 /* RegistrationViewController.swift in Sources */,
				210D948A28FFD945008BE373 /* PostViewController.swift in Sources */,
				210D946628FFCC7F008BE373 /* HomeViewController.swift in Sources */,
				210D948628FFD84F008BE373 /* LoginViewController.swift in Sources */,
				210D949228FFDAD7008BE373 /* SearchViewController.swift in Sources */,
				210D948128FFD691008BE373 /* ProfileViewController.swift in Sources */,
				210D946228FFCC7F008BE373 /* AppDelegate.swift in Sources */,
				210D946428FFCC7F008BE373 /* SceneDelegate.swift in Sources */,
				210D949028FFDA48008BE373 /* ListViewController.swift in Sources */,
				210D948E28FFDA14008BE373 /* SettingViewController.swift in Sources */,
			);
			runOnlyForDeploymentPostprocessing = 0;
		};
/* End PBXSourcesBuildPhase section */

/* Begin PBXVariantGroup section */
		210D946728FFCC80008BE373 /* Main.storyboard */ = {
			isa = PBXVariantGroup;
			children = (
				210D946828FFCC80008BE373 /* Base */,
			);
			name = Main.storyboard;
			sourceTree = "<group>";
		};
		210D946C28FFCC82008BE373 /* LaunchScreen.storyboard */ = {
			isa = PBXVariantGroup;
			children = (
				210D946D28FFCC82008BE373 /* Base */,
			);
			name = LaunchScreen.storyboard;
			sourceTree = "<group>";
		};
/* End PBXVariantGroup section */

/* Begin XCBuildConfiguration section */
		210D947028FFCC82008BE373 /* Debug */ = {
			isa = XCBuildConfiguration;
			buildSettings = {
				ALWAYS_SEARCH_USER_PATHS = NO;
				CLANG_ANALYZER_NONNULL = YES;
				CLANG_ANALYZER_NUMBER_OBJECT_CONVERSION = YES_AGGRESSIVE;
				CLANG_CXX_LANGUAGE_STANDARD = "gnu++17";
				CLANG_ENABLE_MODULES = YES;
				CLANG_ENABLE_OBJC_ARC = YES;
				CLANG_ENABLE_OBJC_WEAK = YES;
				CLANG_WARN_BLOCK_CAPTURE_AUTORELEASING = YES;
				CLANG_WARN_BOOL_CONVERSION = YES;
				CLANG_WARN_COMMA = YES;
				CLANG_WARN_CONSTANT_CONVERSION = YES;
				CLANG_WARN_DEPRECATED_OBJC_IMPLEMENTATIONS = YES;
				CLANG_WARN_DIRECT_OBJC_ISA_USAGE = YES_ERROR;
				CLANG_WARN_DOCUMENTATION_COMMENTS = YES;
				CLANG_WARN_EMPTY_BODY = YES;
				CLANG_WARN_ENUM_CONVERSION = YES;
				CLANG_WARN_INFINITE_RECURSION = YES;
				CLANG_WARN_INT_CONVERSION = YES;
				CLANG_WARN_NON_LITERAL_NULL_CONVERSION = YES;
				CLANG_WARN_OBJC_IMPLICIT_RETAIN_SELF = YES;
				CLANG_WARN_OBJC_LITERAL_CONVERSION = YES;
				CLANG_WARN_OBJC_ROOT_CLASS = YES_ERROR;
				CLANG_WARN_QUOTED_INCLUDE_IN_FRAMEWORK_HEADER = YES;
				CLANG_WARN_RANGE_LOOP_ANALYSIS = YES;
				CLANG_WARN_STRICT_PROTOTYPES = YES;
				CLANG_WARN_SUSPICIOUS_MOVE = YES;
				CLANG_WARN_UNGUARDED_AVAILABILITY = YES_AGGRESSIVE;
				CLANG_WARN_UNREACHABLE_CODE = YES;
				CLANG_WARN__DUPLICATE_METHOD_MATCH = YES;
				COPY_PHASE_STRIP = NO;
				DEBUG_INFORMATION_FORMAT = dwarf;
				ENABLE_STRICT_OBJC_MSGSEND = YES;
				ENABLE_TESTABILITY = YES;
				GCC_C_LANGUAGE_STANDARD = gnu11;
				GCC_DYNAMIC_NO_PIC = NO;
				GCC_NO_COMMON_BLOCKS = YES;
				GCC_OPTIMIZATION_LEVEL = 0;
				GCC_PREPROCESSOR_DEFINITIONS = (
					"DEBUG=1",
					"$(inherited)",
				);
				GCC_WARN_64_TO_32_BIT_CONVERSION = YES;
				GCC_WARN_ABOUT_RETURN_TYPE = YES_ERROR;
				GCC_WARN_UNDECLARED_SELECTOR = YES;
				GCC_WARN_UNINITIALIZED_AUTOS = YES_AGGRESSIVE;
				GCC_WARN_UNUSED_FUNCTION = YES;
				GCC_WARN_UNUSED_VARIABLE = YES;
				IPHONEOS_DEPLOYMENT_TARGET = 15.5;
				MTL_ENABLE_DEBUG_INFO = INCLUDE_SOURCE;
				MTL_FAST_MATH = YES;
				ONLY_ACTIVE_ARCH = YES;
				SDKROOT = iphoneos;
				SWIFT_ACTIVE_COMPILATION_CONDITIONS = DEBUG;
				SWIFT_OPTIMIZATION_LEVEL = "-Onone";
			};
			name = Debug;
		};
		210D947128FFCC82008BE373 /* Release */ = {
			isa = XCBuildConfiguration;
			buildSettings = {
				ALWAYS_SEARCH_USER_PATHS = NO;
				CLANG_ANALYZER_NONNULL = YES;
				CLANG_ANALYZER_NUMBER_OBJECT_CONVERSION = YES_AGGRESSIVE;
				CLANG_CXX_LANGUAGE_STANDARD = "gnu++17";
				CLANG_ENABLE_MODULES = YES;
				CLANG_ENABLE_OBJC_ARC = YES;
				CLANG_ENABLE_OBJC_WEAK = YES;
				CLANG_WARN_BLOCK_CAPTURE_AUTORELEASING = YES;
				CLANG_WARN_BOOL_CONVERSION = YES;
				CLANG_WARN_COMMA = YES;
				CLANG_WARN_CONSTANT_CONVERSION = YES;
				CLANG_WARN_DEPRECATED_OBJC_IMPLEMENTATIONS = YES;
				CLANG_WARN_DIRECT_OBJC_ISA_USAGE = YES_ERROR;
				CLANG_WARN_DOCUMENTATION_COMMENTS = YES;
				CLANG_WARN_EMPTY_BODY = YES;
				CLANG_WARN_ENUM_CONVERSION = YES;
				CLANG_WARN_INFINITE_RECURSION = YES;
				CLANG_WARN_INT_CONVERSION = YES;
				CLANG_WARN_NON_LITERAL_NULL_CONVERSION = YES;
				CLANG_WARN_OBJC_IMPLICIT_RETAIN_SELF = YES;
				CLANG_WARN_OBJC_LITERAL_CONVERSION = YES;
				CLANG_WARN_OBJC_ROOT_CLASS = YES_ERROR;
				CLANG_WARN_QUOTED_INCLUDE_IN_FRAMEWORK_HEADER = YES;
				CLANG_WARN_RANGE_LOOP_ANALYSIS = YES;
				CLANG_WARN_STRICT_PROTOTYPES = YES;
				CLANG_WARN_SUSPICIOUS_MOVE = YES;
				CLANG_WARN_UNGUARDED_AVAILABILITY = YES_AGGRESSIVE;
				CLANG_WARN_UNREACHABLE_CODE = YES;
				CLANG_WARN__DUPLICATE_METHOD_MATCH = YES;
				COPY_PHASE_STRIP = NO;
				DEBUG_INFORMATION_FORMAT = "dwarf-with-dsym";
				ENABLE_NS_ASSERTIONS = NO;
				ENABLE_STRICT_OBJC_MSGSEND = YES;
				GCC_C_LANGUAGE_STANDARD = gnu11;
				GCC_NO_COMMON_BLOCKS = YES;
				GCC_WARN_64_TO_32_BIT_CONVERSION = YES;
				GCC_WARN_ABOUT_RETURN_TYPE = YES_ERROR;
				GCC_WARN_UNDECLARED_SELECTOR = YES;
				GCC_WARN_UNINITIALIZED_AUTOS = YES_AGGRESSIVE;
				GCC_WARN_UNUSED_FUNCTION = YES;
				GCC_WARN_UNUSED_VARIABLE = YES;
				IPHONEOS_DEPLOYMENT_TARGET = 15.5;
				MTL_ENABLE_DEBUG_INFO = NO;
				MTL_FAST_MATH = YES;
				SDKROOT = iphoneos;
				SWIFT_COMPILATION_MODE = wholemodule;
				SWIFT_OPTIMIZATION_LEVEL = "-O";
				VALIDATE_PRODUCT = YES;
			};
			name = Release;
		};
		210D947328FFCC82008BE373 /* Debug */ = {
			isa = XCBuildConfiguration;
			buildSettings = {
				ASSETCATALOG_COMPILER_APPICON_NAME = AppIcon;
				ASSETCATALOG_COMPILER_GLOBAL_ACCENT_COLOR_NAME = AccentColor;
				CODE_SIGN_STYLE = Automatic;
				CURRENT_PROJECT_VERSION = 1;
				GENERATE_INFOPLIST_FILE = YES;
				INFOPLIST_FILE = Instagram/Info.plist;
				INFOPLIST_KEY_UIApplicationSupportsIndirectInputEvents = YES;
				INFOPLIST_KEY_UILaunchStoryboardName = LaunchScreen;
				INFOPLIST_KEY_UIMainStoryboardFile = Main;
				INFOPLIST_KEY_UISupportedInterfaceOrientations_iPad = "UIInterfaceOrientationPortrait UIInterfaceOrientationPortraitUpsideDown UIInterfaceOrientationLandscapeLeft UIInterfaceOrientationLandscapeRight";
				INFOPLIST_KEY_UISupportedInterfaceOrientations_iPhone = "UIInterfaceOrientationPortrait UIInterfaceOrientationLandscapeLeft UIInterfaceOrientationLandscapeRight";
				LD_RUNPATH_SEARCH_PATHS = (
					"$(inherited)",
					"@executable_path/Frameworks",
				);
				MARKETING_VERSION = 1.0;
				PRODUCT_BUNDLE_IDENTIFIER = com.sourav.Instagram;
				PRODUCT_NAME = "$(TARGET_NAME)";
				SWIFT_EMIT_LOC_STRINGS = YES;
				SWIFT_VERSION = 5.0;
				TARGETED_DEVICE_FAMILY = "1,2";
			};
			name = Debug;
		};
		210D947428FFCC82008BE373 /* Release */ = {
			isa = XCBuildConfiguration;
			buildSettings = {
				ASSETCATALOG_COMPILER_APPICON_NAME = AppIcon;
				ASSETCATALOG_COMPILER_GLOBAL_ACCENT_COLOR_NAME = AccentColor;
				CODE_SIGN_STYLE = Automatic;
				CURRENT_PROJECT_VERSION = 1;
				GENERATE_INFOPLIST_FILE = YES;
				INFOPLIST_FILE = Instagram/Info.plist;
				INFOPLIST_KEY_UIApplicationSupportsIndirectInputEvents = YES;
				INFOPLIST_KEY_UILaunchStoryboardName = LaunchScreen;
				INFOPLIST_KEY_UIMainStoryboardFile = Main;
				INFOPLIST_KEY_UISupportedInterfaceOrientations_iPad = "UIInterfaceOrientationPortrait UIInterfaceOrientationPortraitUpsideDown UIInterfaceOrientationLandscapeLeft UIInterfaceOrientationLandscapeRight";
				INFOPLIST_KEY_UISupportedInterfaceOrientations_iPhone = "UIInterfaceOrientationPortrait UIInterfaceOrientationLandscapeLeft UIInterfaceOrientationLandscapeRight";
				LD_RUNPATH_SEARCH_PATHS = (
					"$(inherited)",
					"@executable_path/Frameworks",
				);
				MARKETING_VERSION = 1.0;
				PRODUCT_BUNDLE_IDENTIFIER = com.sourav.Instagram;
				PRODUCT_NAME = "$(TARGET_NAME)";
				SWIFT_EMIT_LOC_STRINGS = YES;
				SWIFT_VERSION = 5.0;
				TARGETED_DEVICE_FAMILY = "1,2";
			};
			name = Release;
		};
/* End XCBuildConfiguration section */

/* Begin XCConfigurationList section */
		210D945928FFCC7F008BE373 /* Build configuration list for PBXProject "Instagram" */ = {
			isa = XCConfigurationList;
			buildConfigurations = (
				210D947028FFCC82008BE373 /* Debug */,
				210D947128FFCC82008BE373 /* Release */,
			);
			defaultConfigurationIsVisible = 0;
			defaultConfigurationName = Release;
		};
		210D947228FFCC82008BE373 /* Build configuration list for PBXNativeTarget "Instagram" */ = {
			isa = XCConfigurationList;
			buildConfigurations = (
				210D947328FFCC82008BE373 /* Debug */,
				210D947428FFCC82008BE373 /* Release */,
			);
			defaultConfigurationIsVisible = 0;
			defaultConfigurationName = Release;
		};
/* End XCConfigurationList section */
	};
	rootObject = 210D945628FFCC7F008BE373 /* Project object */;
}
